
Microsoft Visual Studio Solution File, Format Version 12.00
# Visual Studio Version 17
VisualStudioVersion = 17.11.35303.130
MinimumVisualStudioVersion = 10.0.40219.1
Project("{FAE04EC0-301F-11D3-BF4B-00C04F79EFBC}") = "Final_Project", "Final_Project.csproj", "{4888CEAE-A6F9-4638-9974-8AA8752D6157}"
EndProject
Global
	GlobalSection(SolutionConfigurationPlatforms) = preSolution
		Debug|Any CPU = Debug|Any CPU
		Release|Any CPU = Release|Any CPU
	EndGlobalSection
	GlobalSection(ProjectConfigurationPlatforms) = postSolution
		{4888CEAE-A6F9-4638-9974-8AA8752D6157}.Debug|Any CPU.ActiveCfg = Debug|Any CPU
		{4888CEAE-A6F9-4638-9974-8AA8752D6157}.Debug|Any CPU.Build.0 = Debug|Any CPU
		{4888CEAE-A6F9-4638-9974-8AA8752D6157}.Release|Any CPU.ActiveCfg = Release|Any CPU
		{4888CEAE-A6F9-4638-9974-8AA8752D6157}.Release|Any CPU.Build.0 = Release|Any CPU
	EndGlobalSection
	GlobalSection(SolutionProperties) = preSolution
		HideSolutionNode = FALSE
	EndGlobalSection
	GlobalSection(ExtensibilityGlobals) = postSolution
		SolutionGuid = {A77BAC44-2BC2-413F-BF4F-A4F056F71AE6}
	EndGlobalSection
EndGlobal
